
Microsoft Visual Studio Solution File, Format Version 12.00
# Visual Studio Version 17
VisualStudioVersion = 17.8.34525.116
MinimumVisualStudioVersion = 10.0.40219.1
Project("{FAE04EC0-301F-11D3-BF4B-00C04F79EFBC}") = "MagicVilla_VillaAPI", "MagicVilla_VillaAPI\MagicVilla_VillaAPI.csproj", "{AE35B8C7-56B2-4E93-A7D6-6EC84ECB6C25}"
EndProject
Global
	GlobalSection(SolutionConfigurationPlatforms) = preSolution
		Debug|Any CPU = Debug|Any CPU
		Release|Any CPU = Release|Any CPU
	EndGlobalSection
	GlobalSection(ProjectConfigurationPlatforms) = postSolution
		{AE35B8C7-56B2-4E93-A7D6-6EC84ECB6C25}.Debug|Any CPU.ActiveCfg = Debug|Any CPU
		{AE35B8C7-56B2-4E93-A7D6-6EC84ECB6C25}.Debug|Any CPU.Build.0 = Debug|Any CPU
		{AE35B8C7-56B2-4E93-A7D6-6EC84ECB6C25}.Release|Any CPU.ActiveCfg = Release|Any CPU
		{AE35B8C7-56B2-4E93-A7D6-6EC84ECB6C25}.Release|Any CPU.Build.0 = Release|Any CPU
	EndGlobalSection
	GlobalSection(SolutionProperties) = preSolution
		HideSolutionNode = FALSE
	EndGlobalSection
	GlobalSection(ExtensibilityGlobals) = postSolution
		SolutionGuid = {91029907-E31D-4A60-8F21-7F2B8473EF20}
	EndGlobalSection
EndGlobal
